// !$*UTF8*$!
{
	archiveVersion = 1;
	classes = {
	};
	objectVersion = 55;
	objects = {

/* Begin PBXBuildFile section */
		48FA5D5527D193960086D1CE /* ToDoLiciousApp.swift in Sources */ = {isa = PBXBuildFile; fileRef = 48FA5D4527D193940086D1CE /* ToDoLiciousApp.swift */; };
		48FA5D5627D193960086D1CE /* ToDoLiciousApp.swift in Sources */ = {isa = PBXBuildFile; fileRef = 48FA5D4527D193940086D1CE /* ToDoLiciousApp.swift */; };
		48FA5D5727D193960086D1CE /* ContentView.swift in Sources */ = {isa = PBXBuildFile; fileRef = 48FA5D4627D193940086D1CE /* ContentView.swift */; };
		48FA5D5827D193960086D1CE /* ContentView.swift in Sources */ = {isa = PBXBuildFile; fileRef = 48FA5D4627D193940086D1CE /* ContentView.swift */; };
		48FA5D5927D193960086D1CE /* Assets.xcassets in Resources */ = {isa = PBXBuildFile; fileRef = 48FA5D4727D193960086D1CE /* Assets.xcassets */; };
		48FA5D5A27D193960086D1CE /* Assets.xcassets in Resources */ = {isa = PBXBuildFile; fileRef = 48FA5D4727D193960086D1CE /* Assets.xcassets */; };
		48FA5D6527D194C00086D1CE /* TodoListStore.swift in Sources */ = {isa = PBXBuildFile; fileRef = 48FA5D6427D194C00086D1CE /* TodoListStore.swift */; };
		48FA5D6727D194D50086D1CE /* TodoList.swift in Sources */ = {isa = PBXBuildFile; fileRef = 48FA5D6627D194D50086D1CE /* TodoList.swift */; };
		48FA5D6927D194E10086D1CE /* Todo.swift in Sources */ = {isa = PBXBuildFile; fileRef = 48FA5D6827D194E10086D1CE /* Todo.swift */; };
		48FA5D6C27D19F2C0086D1CE /* TodoListView.swift in Sources */ = {isa = PBXBuildFile; fileRef = 48FA5D6B27D19F2C0086D1CE /* TodoListView.swift */; };
		48FA5D7327D1BFE50086D1CE /* NewItemForm.swift in Sources */ = {isa = PBXBuildFile; fileRef = 48FA5D7227D1BFE50086D1CE /* NewItemForm.swift */; };
/* End PBXBuildFile section */

/* Begin PBXFileReference section */
		48FA5D4527D193940086D1CE /* ToDoLiciousApp.swift */ = {isa = PBXFileReference; lastKnownFileType = sourcecode.swift; path = ToDoLiciousApp.swift; sourceTree = "<group>"; };
		48FA5D4627D193940086D1CE /* ContentView.swift */ = {isa = PBXFileReference; lastKnownFileType = sourcecode.swift; path = ContentView.swift; sourceTree = "<group>"; };
		48FA5D4727D193960086D1CE /* Assets.xcassets */ = {isa = PBXFileReference; lastKnownFileType = folder.assetcatalog; path = Assets.xcassets; sourceTree = "<group>"; };
		48FA5D4C27D193960086D1CE /* ToDoLicious.app */ = {isa = PBXFileReference; explicitFileType = wrapper.application; includeInIndex = 0; path = ToDoLicious.app; sourceTree = BUILT_PRODUCTS_DIR; };
		48FA5D5227D193960086D1CE /* ToDoLicious.app */ = {isa = PBXFileReference; explicitFileType = wrapper.application; includeInIndex = 0; path = ToDoLicious.app; sourceTree = BUILT_PRODUCTS_DIR; };
		48FA5D6427D194C00086D1CE /* TodoListStore.swift */ = {isa = PBXFileReference; lastKnownFileType = sourcecode.swift; path = TodoListStore.swift; sourceTree = "<group>"; };
		48FA5D6627D194D50086D1CE /* TodoList.swift */ = {isa = PBXFileReference; lastKnownFileType = sourcecode.swift; path = TodoList.swift; sourceTree = "<group>"; };
		48FA5D6827D194E10086D1CE /* Todo.swift */ = {isa = PBXFileReference; lastKnownFileType = sourcecode.swift; path = Todo.swift; sourceTree = "<group>"; };
		48FA5D6B27D19F2C0086D1CE /* TodoListView.swift */ = {isa = PBXFileReference; lastKnownFileType = sourcecode.swift; path = TodoListView.swift; sourceTree = "<group>"; };
		48FA5D7227D1BFE50086D1CE /* NewItemForm.swift */ = {isa = PBXFileReference; lastKnownFileType = sourcecode.swift; path = NewItemForm.swift; sourceTree = "<group>"; };
/* End PBXFileReference section */

/* Begin PBXFrameworksBuildPhase section */
		48FA5D4927D193960086D1CE /* Frameworks */ = {
			isa = PBXFrameworksBuildPhase;
			buildActionMask = 2147483647;
			files = (
			);
			runOnlyForDeploymentPostprocessing = 0;
		};
		48FA5D4F27D193960086D1CE /* Frameworks */ = {
			isa = PBXFrameworksBuildPhase;
			buildActionMask = 2147483647;
			files = (
			);
			runOnlyForDeploymentPostprocessing = 0;
		};
/* End PBXFrameworksBuildPhase section */

/* Begin PBXGroup section */
		48FA5D3F27D193940086D1CE = {
			isa = PBXGroup;
			children = (
				48FA5D4427D193940086D1CE /* Shared */,
				48FA5D4D27D193960086D1CE /* Products */,
			);
			sourceTree = "<group>";
		};
		48FA5D4427D193940086D1CE /* Shared */ = {
			isa = PBXGroup;
			children = (
				48FA5D6A27D19F1A0086D1CE /* views */,
				48FA5D6327D194940086D1CE /* models */,
				48FA5D4527D193940086D1CE /* ToDoLiciousApp.swift */,
				48FA5D4727D193960086D1CE /* Assets.xcassets */,
			);
			path = Shared;
			sourceTree = "<group>";
		};
		48FA5D4D27D193960086D1CE /* Products */ = {
			isa = PBXGroup;
			children = (
				48FA5D4C27D193960086D1CE /* ToDoLicious.app */,
				48FA5D5227D193960086D1CE /* ToDoLicious.app */,
			);
			name = Products;
			sourceTree = "<group>";
		};
		48FA5D6327D194940086D1CE /* models */ = {
			isa = PBXGroup;
			children = (
				48FA5D6427D194C00086D1CE /* TodoListStore.swift */,
				48FA5D6627D194D50086D1CE /* TodoList.swift */,
				48FA5D6827D194E10086D1CE /* Todo.swift */,
			);
			path = models;
			sourceTree = "<group>";
		};
		48FA5D6A27D19F1A0086D1CE /* views */ = {
			isa = PBXGroup;
			children = (
				48FA5D4627D193940086D1CE /* ContentView.swift */,
				48FA5D6B27D19F2C0086D1CE /* TodoListView.swift */,
				48FA5D7227D1BFE50086D1CE /* NewItemForm.swift */,
			);
			path = views;
			sourceTree = "<group>";
		};
/* End PBXGroup section */

/* Begin PBXNativeTarget section */
		48FA5D4B27D193960086D1CE /* ToDoLicious (iOS) */ = {
			isa = PBXNativeTarget;
			buildConfigurationList = 48FA5D5D27D193960086D1CE /* Build configuration list for PBXNativeTarget "ToDoLicious (iOS)" */;
			buildPhases = (
				48FA5D4827D193960086D1CE /* Sources */,
				48FA5D4927D193960086D1CE /* Frameworks */,
				48FA5D4A27D193960086D1CE /* Resources */,
			);
			buildRules = (
			);
			dependencies = (
			);
			name = "ToDoLicious (iOS)";
			productName = "ToDoLicious (iOS)";
			productReference = 48FA5D4C27D193960086D1CE /* ToDoLicious.app */;
			productType = "com.apple.product-type.application";
		};
		48FA5D5127D193960086D1CE /* ToDoLicious (macOS) */ = {
			isa = PBXNativeTarget;
			buildConfigurationList = 48FA5D6027D193960086D1CE /* Build configuration list for PBXNativeTarget "ToDoLicious (macOS)" */;
			buildPhases = (
				48FA5D4E27D193960086D1CE /* Sources */,
				48FA5D4F27D193960086D1CE /* Frameworks */,
				48FA5D5027D193960086D1CE /* Resources */,
			);
			buildRules = (
			);
			dependencies = (
			);
			name = "ToDoLicious (macOS)";
			productName = "ToDoLicious (macOS)";
			productReference = 48FA5D5227D193960086D1CE /* ToDoLicious.app */;
			productType = "com.apple.product-type.application";
		};
/* End PBXNativeTarget section */

/* Begin PBXProject section */
		48FA5D4027D193940086D1CE /* Project object */ = {
			isa = PBXProject;
			attributes = {
				BuildIndependentTargetsInParallel = 1;
				LastSwiftUpdateCheck = 1320;
				LastUpgradeCheck = 1320;
				TargetAttributes = {
					48FA5D4B27D193960086D1CE = {
						CreatedOnToolsVersion = 13.2.1;
					};
					48FA5D5127D193960086D1CE = {
						CreatedOnToolsVersion = 13.2.1;
					};
				};
			};
			buildConfigurationList = 48FA5D4327D193940086D1CE /* Build configuration list for PBXProject "ToDoLicious" */;
			compatibilityVersion = "Xcode 13.0";
			developmentRegion = en;
			hasScannedForEncodings = 0;
			knownRegions = (
				en,
				Base,
			);
			mainGroup = 48FA5D3F27D193940086D1CE;
			productRefGroup = 48FA5D4D27D193960086D1CE /* Products */;
			projectDirPath = "";
			projectRoot = "";
			targets = (
				48FA5D4B27D193960086D1CE /* ToDoLicious (iOS) */,
				48FA5D5127D193960086D1CE /* ToDoLicious (macOS) */,
			);
		};
/* End PBXProject section */

/* Begin PBXResourcesBuildPhase section */
		48FA5D4A27D193960086D1CE /* Resources */ = {
			isa = PBXResourcesBuildPhase;
			buildActionMask = 2147483647;
			files = (
				48FA5D5927D193960086D1CE /* Assets.xcassets in Resources */,
			);
			runOnlyForDeploymentPostprocessing = 0;
		};
		48FA5D5027D193960086D1CE /* Resources */ = {
			isa = PBXResourcesBuildPhase;
			buildActionMask = 2147483647;
			files = (
				48FA5D5A27D193960086D1CE /* Assets.xcassets in Resources */,
			);
			runOnlyForDeploymentPostprocessing = 0;
		};
/* End PBXResourcesBuildPhase section */

/* Begin PBXSourcesBuildPhase section */
		48FA5D4827D193960086D1CE /* Sources */ = {
			isa = PBXSourcesBuildPhase;
			buildActionMask = 2147483647;
			files = (
				48FA5D7327D1BFE50086D1CE /* NewItemForm.swift in Sources */,
				48FA5D6527D194C00086D1CE /* TodoListStore.swift in Sources */,
				48FA5D5727D193960086D1CE /* ContentView.swift in Sources */,
				48FA5D6C27D19F2C0086D1CE /* TodoListView.swift in Sources */,
				48FA5D5527D193960086D1CE /* ToDoLiciousApp.swift in Sources */,
				48FA5D6727D194D50086D1CE /* TodoList.swift in Sources */,
				48FA5D6927D194E10086D1CE /* Todo.swift in Sources */,
			);
			runOnlyForDeploymentPostprocessing = 0;
		};
		48FA5D4E27D193960086D1CE /* Sources */ = {
			isa = PBXSourcesBuildPhase;
			buildActionMask = 2147483647;
			files = (
				48FA5D5827D193960086D1CE /* ContentView.swift in Sources */,
				48FA5D5627D193960086D1CE /* ToDoLiciousApp.swift in Sources */,
			);
			runOnlyForDeploymentPostprocessing = 0;
		};
/* End PBXSourcesBuildPhase section */

/* Begin XCBuildConfiguration section */
		48FA5D5B27D193960086D1CE /* Debug */ = {
			isa = XCBuildConfiguration;
			buildSettings = {
				ALWAYS_SEARCH_USER_PATHS = NO;
				CLANG_ANALYZER_NONNULL = YES;
				CLANG_ANALYZER_NUMBER_OBJECT_CONVERSION = YES_AGGRESSIVE;
				CLANG_CXX_LANGUAGE_STANDARD = "gnu++17";
				CLANG_CXX_LIBRARY = "libc++";
				CLANG_ENABLE_MODULES = YES;
				CLANG_ENABLE_OBJC_ARC = YES;
				CLANG_ENABLE_OBJC_WEAK = YES;
				CLANG_WARN_BLOCK_CAPTURE_AUTORELEASING = YES;
				CLANG_WARN_BOOL_CONVERSION = YES;
				CLANG_WARN_COMMA = YES;
				CLANG_WARN_CONSTANT_CONVERSION = YES;
				CLANG_WARN_DEPRECATED_OBJC_IMPLEMENTATIONS = YES;
				CLANG_WARN_DIRECT_OBJC_ISA_USAGE = YES_ERROR;
				CLANG_WARN_DOCUMENTATION_COMMENTS = YES;
				CLANG_WARN_EMPTY_BODY = YES;
				CLANG_WARN_ENUM_CONVERSION = YES;
				CLANG_WARN_INFINITE_RECURSION = YES;
				CLANG_WARN_INT_CONVERSION = YES;
				CLANG_WARN_NON_LITERAL_NULL_CONVERSION = YES;
				CLANG_WARN_OBJC_IMPLICIT_RETAIN_SELF = YES;
				CLANG_WARN_OBJC_LITERAL_CONVERSION = YES;
				CLANG_WARN_OBJC_ROOT_CLASS = YES_ERROR;
				CLANG_WARN_QUOTED_INCLUDE_IN_FRAMEWORK_HEADER = YES;
				CLANG_WARN_RANGE_LOOP_ANALYSIS = YES;
				CLANG_WARN_STRICT_PROTOTYPES = YES;
				CLANG_WARN_SUSPICIOUS_MOVE = YES;
				CLANG_WARN_UNGUARDED_AVAILABILITY = YES_AGGRESSIVE;
				CLANG_WARN_UNREACHABLE_CODE = YES;
				CLANG_WARN__DUPLICATE_METHOD_MATCH = YES;
				COPY_PHASE_STRIP = NO;
				DEBUG_INFORMATION_FORMAT = dwarf;
				ENABLE_STRICT_OBJC_MSGSEND = YES;
				ENABLE_TESTABILITY = YES;
				GCC_C_LANGUAGE_STANDARD = gnu11;
				GCC_DYNAMIC_NO_PIC = NO;
				GCC_NO_COMMON_BLOCKS = YES;
				GCC_OPTIMIZATION_LEVEL = 0;
				GCC_PREPROCESSOR_DEFINITIONS = (
					"DEBUG=1",
					"$(inherited)",
				);
				GCC_WARN_64_TO_32_BIT_CONVERSION = YES;
				GCC_WARN_ABOUT_RETURN_TYPE = YES_ERROR;
				GCC_WARN_UNDECLARED_SELECTOR = YES;
				GCC_WARN_UNINITIALIZED_AUTOS = YES_AGGRESSIVE;
				GCC_WARN_UNUSED_FUNCTION = YES;
				GCC_WARN_UNUSED_VARIABLE = YES;
				MTL_ENABLE_DEBUG_INFO = INCLUDE_SOURCE;
				MTL_FAST_MATH = YES;
				ONLY_ACTIVE_ARCH = YES;
				SWIFT_ACTIVE_COMPILATION_CONDITIONS = DEBUG;
				SWIFT_OPTIMIZATION_LEVEL = "-Onone";
			};
			name = Debug;
		};
		48FA5D5C27D193960086D1CE /* Release */ = {
			isa = XCBuildConfiguration;
			buildSettings = {
				ALWAYS_SEARCH_USER_PATHS = NO;
				CLANG_ANALYZER_NONNULL = YES;
				CLANG_ANALYZER_NUMBER_OBJECT_CONVERSION = YES_AGGRESSIVE;
				CLANG_CXX_LANGUAGE_STANDARD = "gnu++17";
				CLANG_CXX_LIBRARY = "libc++";
				CLANG_ENABLE_MODULES = YES;
				CLANG_ENABLE_OBJC_ARC = YES;
				CLANG_ENABLE_OBJC_WEAK = YES;
				CLANG_WARN_BLOCK_CAPTURE_AUTORELEASING = YES;
				CLANG_WARN_BOOL_CONVERSION = YES;
				CLANG_WARN_COMMA = YES;
				CLANG_WARN_CONSTANT_CONVERSION = YES;
				CLANG_WARN_DEPRECATED_OBJC_IMPLEMENTATIONS = YES;
				CLANG_WARN_DIRECT_OBJC_ISA_USAGE = YES_ERROR;
				CLANG_WARN_DOCUMENTATION_COMMENTS = YES;
				CLANG_WARN_EMPTY_BODY = YES;
				CLANG_WARN_ENUM_CONVERSION = YES;
				CLANG_WARN_INFINITE_RECURSION = YES;
				CLANG_WARN_INT_CONVERSION = YES;
				CLANG_WARN_NON_LITERAL_NULL_CONVERSION = YES;
				CLANG_WARN_OBJC_IMPLICIT_RETAIN_SELF = YES;
				CLANG_WARN_OBJC_LITERAL_CONVERSION = YES;
				CLANG_WARN_OBJC_ROOT_CLASS = YES_ERROR;
				CLANG_WARN_QUOTED_INCLUDE_IN_FRAMEWORK_HEADER = YES;
				CLANG_WARN_RANGE_LOOP_ANALYSIS = YES;
				CLANG_WARN_STRICT_PROTOTYPES = YES;
				CLANG_WARN_SUSPICIOUS_MOVE = YES;
				CLANG_WARN_UNGUARDED_AVAILABILITY = YES_AGGRESSIVE;
				CLANG_WARN_UNREACHABLE_CODE = YES;
				CLANG_WARN__DUPLICATE_METHOD_MATCH = YES;
				COPY_PHASE_STRIP = NO;
				DEBUG_INFORMATION_FORMAT = "dwarf-with-dsym";
				ENABLE_NS_ASSERTIONS = NO;
				ENABLE_STRICT_OBJC_MSGSEND = YES;
				GCC_C_LANGUAGE_STANDARD = gnu11;
				GCC_NO_COMMON_BLOCKS = YES;
				GCC_WARN_64_TO_32_BIT_CONVERSION = YES;
				GCC_WARN_ABOUT_RETURN_TYPE = YES_ERROR;
				GCC_WARN_UNDECLARED_SELECTOR = YES;
				GCC_WARN_UNINITIALIZED_AUTOS = YES_AGGRESSIVE;
				GCC_WARN_UNUSED_FUNCTION = YES;
				GCC_WARN_UNUSED_VARIABLE = YES;
				MTL_ENABLE_DEBUG_INFO = NO;
				MTL_FAST_MATH = YES;
				SWIFT_COMPILATION_MODE = wholemodule;
				SWIFT_OPTIMIZATION_LEVEL = "-O";
			};
			name = Release;
		};
		48FA5D5E27D193960086D1CE /* Debug */ = {
			isa = XCBuildConfiguration;
			buildSettings = {
				ASSETCATALOG_COMPILER_APPICON_NAME = AppIcon;
				ASSETCATALOG_COMPILER_GLOBAL_ACCENT_COLOR_NAME = AccentColor;
				CODE_SIGN_STYLE = Automatic;
				CURRENT_PROJECT_VERSION = 1;
				ENABLE_PREVIEWS = YES;
				GENERATE_INFOPLIST_FILE = YES;
				INFOPLIST_KEY_UIApplicationSceneManifest_Generation = YES;
				INFOPLIST_KEY_UIApplicationSupportsIndirectInputEvents = YES;
				INFOPLIST_KEY_UILaunchScreen_Generation = YES;
				INFOPLIST_KEY_UISupportedInterfaceOrientations_iPad = "UIInterfaceOrientationPortrait UIInterfaceOrientationPortraitUpsideDown UIInterfaceOrientationLandscapeLeft UIInterfaceOrientationLandscapeRight";
				INFOPLIST_KEY_UISupportedInterfaceOrientations_iPhone = "UIInterfaceOrientationPortrait UIInterfaceOrientationLandscapeLeft UIInterfaceOrientationLandscapeRight";
				IPHONEOS_DEPLOYMENT_TARGET = 15.2;
				LD_RUNPATH_SEARCH_PATHS = (
					"$(inherited)",
					"@executable_path/Frameworks",
				);
				MARKETING_VERSION = 1.0;
				PRODUCT_BUNDLE_IDENTIFIER = jkevindev.ToDoLicious;
				PRODUCT_NAME = ToDoLicious;
				SDKROOT = iphoneos;
				SWIFT_EMIT_LOC_STRINGS = YES;
				SWIFT_VERSION = 5.0;
				TARGETED_DEVICE_FAMILY = "1,2";
			};
			name = Debug;
		};
		48FA5D5F27D193960086D1CE /* Release */ = {
			isa = XCBuildConfiguration;
			buildSettings = {
				ASSETCATALOG_COMPILER_APPICON_NAME = AppIcon;
				ASSETCATALOG_COMPILER_GLOBAL_ACCENT_COLOR_NAME = AccentColor;
				CODE_SIGN_STYLE = Automatic;
				CURRENT_PROJECT_VERSION = 1;
				ENABLE_PREVIEWS = YES;
				GENERATE_INFOPLIST_FILE = YES;
				INFOPLIST_KEY_UIApplicationSceneManifest_Generation = YES;
				INFOPLIST_KEY_UIApplicationSupportsIndirectInputEvents = YES;
				INFOPLIST_KEY_UILaunchScreen_Generation = YES;
				INFOPLIST_KEY_UISupportedInterfaceOrientations_iPad = "UIInterfaceOrientationPortrait UIInterfaceOrientationPortraitUpsideDown UIInterfaceOrientationLandscapeLeft UIInterfaceOrientationLandscapeRight";
				INFOPLIST_KEY_UISupportedInterfaceOrientations_iPhone = "UIInterfaceOrientationPortrait UIInterfaceOrientationLandscapeLeft UIInterfaceOrientationLandscapeRight";
				IPHONEOS_DEPLOYMENT_TARGET = 15.2;
				LD_RUNPATH_SEARCH_PATHS = (
					"$(inherited)",
					"@executable_path/Frameworks",
				);
				MARKETING_VERSION = 1.0;
				PRODUCT_BUNDLE_IDENTIFIER = jkevindev.ToDoLicious;
				PRODUCT_NAME = ToDoLicious;
				SDKROOT = iphoneos;
				SWIFT_EMIT_LOC_STRINGS = YES;
				SWIFT_VERSION = 5.0;
				TARGETED_DEVICE_FAMILY = "1,2";
				VALIDATE_PRODUCT = YES;
			};
			name = Release;
		};
		48FA5D6127D193960086D1CE /* Debug */ = {
			isa = XCBuildConfiguration;
			buildSettings = {
				ASSETCATALOG_COMPILER_APPICON_NAME = AppIcon;
				ASSETCATALOG_COMPILER_GLOBAL_ACCENT_COLOR_NAME = AccentColor;
				CODE_SIGN_ENTITLEMENTS = macOS/macOS.entitlements;
				CODE_SIGN_STYLE = Automatic;
				COMBINE_HIDPI_IMAGES = YES;
				CURRENT_PROJECT_VERSION = 1;
				ENABLE_PREVIEWS = YES;
				GENERATE_INFOPLIST_FILE = YES;
				INFOPLIST_KEY_NSHumanReadableCopyright = "";
				LD_RUNPATH_SEARCH_PATHS = (
					"$(inherited)",
					"@executable_path/../Frameworks",
				);
				MACOSX_DEPLOYMENT_TARGET = 12.1;
				MARKETING_VERSION = 1.0;
				PRODUCT_BUNDLE_IDENTIFIER = jkevindev.ToDoLicious;
				PRODUCT_NAME = ToDoLicious;
				SDKROOT = macosx;
				SWIFT_EMIT_LOC_STRINGS = YES;
				SWIFT_VERSION = 5.0;
			};
			name = Debug;
		};
		48FA5D6227D193960086D1CE /* Release */ = {
			isa = XCBuildConfiguration;
			buildSettings = {
				ASSETCATALOG_COMPILER_APPICON_NAME = AppIcon;
				ASSETCATALOG_COMPILER_GLOBAL_ACCENT_COLOR_NAME = AccentColor;
				CODE_SIGN_ENTITLEMENTS = macOS/macOS.entitlements;
				CODE_SIGN_STYLE = Automatic;
				COMBINE_HIDPI_IMAGES = YES;
				CURRENT_PROJECT_VERSION = 1;
				ENABLE_PREVIEWS = YES;
				GENERATE_INFOPLIST_FILE = YES;
				INFOPLIST_KEY_NSHumanReadableCopyright = "";
				LD_RUNPATH_SEARCH_PATHS = (
					"$(inherited)",
					"@executable_path/../Frameworks",
				);
				MACOSX_DEPLOYMENT_TARGET = 12.1;
				MARKETING_VERSION = 1.0;
				PRODUCT_BUNDLE_IDENTIFIER = jkevindev.ToDoLicious;
				PRODUCT_NAME = ToDoLicious;
				SDKROOT = macosx;
				SWIFT_EMIT_LOC_STRINGS = YES;
				SWIFT_VERSION = 5.0;
			};
			name = Release;
		};
/* End XCBuildConfiguration section */

/* Begin XCConfigurationList section */
		48FA5D4327D193940086D1CE /* Build configuration list for PBXProject "ToDoLicious" */ = {
			isa = XCConfigurationList;
			buildConfigurations = (
				48FA5D5B27D193960086D1CE /* Debug */,
				48FA5D5C27D193960086D1CE /* Release */,
			);
			defaultConfigurationIsVisible = 0;
			defaultConfigurationName = Release;
		};
		48FA5D5D27D193960086D1CE /* Build configuration list for PBXNativeTarget "ToDoLicious (iOS)" */ = {
			isa = XCConfigurationList;
			buildConfigurations = (
				48FA5D5E27D193960086D1CE /* Debug */,
				48FA5D5F27D193960086D1CE /* Release */,
			);
			defaultConfigurationIsVisible = 0;
			defaultConfigurationName = Release;
		};
		48FA5D6027D193960086D1CE /* Build configuration list for PBXNativeTarget "ToDoLicious (macOS)" */ = {
			isa = XCConfigurationList;
			buildConfigurations = (
				48FA5D6127D193960086D1CE /* Debug */,
				48FA5D6227D193960086D1CE /* Release */,
			);
			defaultConfigurationIsVisible = 0;
			defaultConfigurationName = Release;
		};
/* End XCConfigurationList section */
	};
	rootObject = 48FA5D4027D193940086D1CE /* Project object */;
}
